
Microsoft Visual Studio Solution File, Format Version 12.00
# Visual Studio Version 17
VisualStudioVersion = 17.10.35013.160
MinimumVisualStudioVersion = 10.0.40219.1
Project("{FAE04EC0-301F-11D3-BF4B-00C04F79EFBC}") = "CookieCookbook", "CookieCookbook\CookieCookbook.csproj", "{B1F0A9AE-4FBC-4793-A755-C332429E77B7}"
EndProject
Global
	GlobalSection(SolutionConfigurationPlatforms) = preSolution
		Debug|Any CPU = Debug|Any CPU
		Release|Any CPU = Release|Any CPU
	EndGlobalSection
	GlobalSection(ProjectConfigurationPlatforms) = postSolution
		{B1F0A9AE-4FBC-4793-A755-C332429E77B7}.Debug|Any CPU.ActiveCfg = Debug|Any CPU
		{B1F0A9AE-4FBC-4793-A755-C332429E77B7}.Debug|Any CPU.Build.0 = Debug|Any CPU
		{B1F0A9AE-4FBC-4793-A755-C332429E77B7}.Release|Any CPU.ActiveCfg = Release|Any CPU
		{B1F0A9AE-4FBC-4793-A755-C332429E77B7}.Release|Any CPU.Build.0 = Release|Any CPU
	EndGlobalSection
	GlobalSection(SolutionProperties) = preSolution
		HideSolutionNode = FALSE
	EndGlobalSection
	GlobalSection(ExtensibilityGlobals) = postSolution
		SolutionGuid = {DC3AE419-E9CD-4D25-9360-FB304D6E5C5C}
	EndGlobalSection
EndGlobal
